{"packages":{"mongo_dart":{"version":"0.0.11","source":"hosted","description":"mongo_dart"},"logging":{"version":"0.2.10+1","source":"hosted","description":"logging"},"json_object":{"version":"1.0.2","source":"git","description":{"url":"git://github.com/chrisbu/dartwatch-JsonObject.git","ref":null,"resolved-ref":"ac2a95b7d3508d34f2805e259fee75e05d2c1c41"}},"unittest":{"version":"0.2.10+1","source":"hosted","description":"unittest"},"args":{"version":"0.2.10+1","source":"hosted","description":"args"},"meta":{"version":"0.2.10+1","source":"hosted","description":"meta"}}}